
Microsoft Visual Studio Solution File, Format Version 12.00
# Visual Studio Version 17
VisualStudioVersion = 17.14.36603.0 d17.14
MinimumVisualStudioVersion = 10.0.40219.1
Project("{FAE04EC0-301F-11D3-BF4B-00C04F79EFBC}") = "MusicPlayerApp", "MusicPlayerApp\MusicPlayerApp.csproj", "{FA8C1D4A-29FD-421F-AF25-D4ABA9296171}"
EndProject
Global
	GlobalSection(SolutionConfigurationPlatforms) = preSolution
		Debug|Any CPU = Debug|Any CPU
		Release|Any CPU = Release|Any CPU
	EndGlobalSection
	GlobalSection(ProjectConfigurationPlatforms) = postSolution
		{FA8C1D4A-29FD-421F-AF25-D4ABA9296171}.Debug|Any CPU.ActiveCfg = Debug|Any CPU
		{FA8C1D4A-29FD-421F-AF25-D4ABA9296171}.Debug|Any CPU.Build.0 = Debug|Any CPU
		{FA8C1D4A-29FD-421F-AF25-D4ABA9296171}.Release|Any CPU.ActiveCfg = Release|Any CPU
		{FA8C1D4A-29FD-421F-AF25-D4ABA9296171}.Release|Any CPU.Build.0 = Release|Any CPU
	EndGlobalSection
	GlobalSection(SolutionProperties) = preSolution
		HideSolutionNode = FALSE
	EndGlobalSection
	GlobalSection(ExtensibilityGlobals) = postSolution
		SolutionGuid = {0D6350A8-19C9-422E-AFD7-0292007BDE64}
	EndGlobalSection
EndGlobal
